
Microsoft Visual Studio Solution File, Format Version 12.00
# Visual Studio Version 17
VisualStudioVersion = 17.7.34031.279
MinimumVisualStudioVersion = 10.0.40219.1
Project("{FAE04EC0-301F-11D3-BF4B-00C04F79EFBC}") = "BidIt.Server", "BidIt\Server\BidIt.Server.csproj", "{927946DB-5E8D-4CA0-9E2B-8E86A921CDE1}"
EndProject
Project("{FAE04EC0-301F-11D3-BF4B-00C04F79EFBC}") = "BidIt.Client", "BidIt\Client\BidIt.Client.csproj", "{FB727971-5A23-4E75-8D25-F1F29EBACA4E}"
EndProject
Project("{FAE04EC0-301F-11D3-BF4B-00C04F79EFBC}") = "BidIt.Shared", "BidIt\Shared\BidIt.Shared.csproj", "{A39B300D-8FD2-436F-923D-7EB2B7A4A4C5}"
EndProject
Global
	GlobalSection(SolutionConfigurationPlatforms) = preSolution
		Debug|Any CPU = Debug|Any CPU
		Release|Any CPU = Release|Any CPU
	EndGlobalSection
	GlobalSection(ProjectConfigurationPlatforms) = postSolution
		{927946DB-5E8D-4CA0-9E2B-8E86A921CDE1}.Debug|Any CPU.ActiveCfg = Debug|Any CPU
		{927946DB-5E8D-4CA0-9E2B-8E86A921CDE1}.Debug|Any CPU.Build.0 = Debug|Any CPU
		{927946DB-5E8D-4CA0-9E2B-8E86A921CDE1}.Release|Any CPU.ActiveCfg = Release|Any CPU
		{927946DB-5E8D-4CA0-9E2B-8E86A921CDE1}.Release|Any CPU.Build.0 = Release|Any CPU
		{FB727971-5A23-4E75-8D25-F1F29EBACA4E}.Debug|Any CPU.ActiveCfg = Debug|Any CPU
		{FB727971-5A23-4E75-8D25-F1F29EBACA4E}.Debug|Any CPU.Build.0 = Debug|Any CPU
		{FB727971-5A23-4E75-8D25-F1F29EBACA4E}.Release|Any CPU.ActiveCfg = Release|Any CPU
		{FB727971-5A23-4E75-8D25-F1F29EBACA4E}.Release|Any CPU.Build.0 = Release|Any CPU
		{A39B300D-8FD2-436F-923D-7EB2B7A4A4C5}.Debug|Any CPU.ActiveCfg = Debug|Any CPU
		{A39B300D-8FD2-436F-923D-7EB2B7A4A4C5}.Debug|Any CPU.Build.0 = Debug|Any CPU
		{A39B300D-8FD2-436F-923D-7EB2B7A4A4C5}.Release|Any CPU.ActiveCfg = Release|Any CPU
		{A39B300D-8FD2-436F-923D-7EB2B7A4A4C5}.Release|Any CPU.Build.0 = Release|Any CPU
	EndGlobalSection
	GlobalSection(SolutionProperties) = preSolution
		HideSolutionNode = FALSE
	EndGlobalSection
	GlobalSection(ExtensibilityGlobals) = postSolution
		SolutionGuid = {22489B69-4B96-4D82-9EBB-CA62A20CBAAE}
	EndGlobalSection
EndGlobal
